
Microsoft Visual Studio Solution File, Format Version 12.00
# Visual Studio Version 17
VisualStudioVersion = 17.11.35303.130
MinimumVisualStudioVersion = 10.0.40219.1
Project("{FAE04EC0-301F-11D3-BF4B-00C04F79EFBC}") = "feladat0321", "feladat0321.csproj", "{4F8C0EEF-43A4-4F26-B739-F4A967AE9DE2}"
EndProject
Global
	GlobalSection(SolutionConfigurationPlatforms) = preSolution
		Debug|Any CPU = Debug|Any CPU
		Release|Any CPU = Release|Any CPU
	EndGlobalSection
	GlobalSection(ProjectConfigurationPlatforms) = postSolution
		{4F8C0EEF-43A4-4F26-B739-F4A967AE9DE2}.Debug|Any CPU.ActiveCfg = Debug|Any CPU
		{4F8C0EEF-43A4-4F26-B739-F4A967AE9DE2}.Debug|Any CPU.Build.0 = Debug|Any CPU
		{4F8C0EEF-43A4-4F26-B739-F4A967AE9DE2}.Release|Any CPU.ActiveCfg = Release|Any CPU
		{4F8C0EEF-43A4-4F26-B739-F4A967AE9DE2}.Release|Any CPU.Build.0 = Release|Any CPU
	EndGlobalSection
	GlobalSection(SolutionProperties) = preSolution
		HideSolutionNode = FALSE
	EndGlobalSection
	GlobalSection(ExtensibilityGlobals) = postSolution
		SolutionGuid = {6C74E7AE-7FB2-40ED-80DB-E1EFF1FED443}
	EndGlobalSection
EndGlobal
